{
  "name": "ad-enhance",
  "version": "1.0.0",
  "lockfileVersion": 1,
  "requires": true,
  "dependencies": {
    "ad-block": {
      "version": "4.1.1",
      "resolved": "https://registry.npmjs.org/ad-block/-/ad-block-4.1.1.tgz",
      "integrity": "sha512-Oug/ildz3zUQhpuzQfBXme8KcFExP1YpAGvdqFaVg2ThKoT5DUJHb69cJpotmA3PGJYxMYDl0JeGqyx8IQiFnQ==",
      "requires": {
        "bloom-filter-cpp": "^1.2.0",
        "cppunitlite": "^1.0.0",
        "hashset-cpp": "^2.1.0",
        "nan": "^2.10.0"
      }
    },
    "bloom-filter-cpp": {
      "version": "1.2.0",
      "resolved": "https://registry.npmjs.org/bloom-filter-cpp/-/bloom-filter-cpp-1.2.0.tgz",
      "integrity": "sha512-R5axBRU0tvJK6tZmTFj8pMdjWtjh6eUWDUVj2I8nyeCYVOUKbW+uzM8VsWvMlAYs82fdUUZmA4/rNGkHW+dPNw=="
    },
    "cppunitlite": {
      "version": "1.0.0",
      "resolved": "https://registry.npmjs.org/cppunitlite/-/cppunitlite-1.0.0.tgz",
      "integrity": "sha1-2bM71NvefeawnjU0F24EZlP6vOs="
    },
    "download-file-sync": {
      "version": "1.0.4",
      "resolved": "https://registry.npmjs.org/download-file-sync/-/download-file-sync-1.0.4.tgz",
      "integrity": "sha1-0+PFQ/g29BA5RVuQNMcuNVsDYBk="
    },
    "hashset-cpp": {
      "version": "2.1.0",
      "resolved": "https://registry.npmjs.org/hashset-cpp/-/hashset-cpp-2.1.0.tgz",
      "integrity": "sha512-+HbrTNQH/qiWeObpS0ZFP0INA4yalHCm0j/lHW1V6h106DO+EOp26xQQqFsjGtrqy6vgB7hucTZarByazSd1Uw=="
    },
    "nan": {
      "version": "2.12.1",
      "resolved": "https://registry.npmjs.org/nan/-/nan-2.12.1.tgz",
      "integrity": "sha512-JY7V6lRkStKcKTvHO5NVSQRv+RV+FIL5pvDoLiAtSL9pKlC5x9PKQcZDsq7m4FO4d57mkhC6Z+QhAh3Jdk5JFw=="
    }
  }
}
